{
  "originHash" : "e8ed8070bca14f2e58b32d61a86af47dddd2ad6be100999314f2c2a30decdcca",
  "pins" : [
    {
      "identity" : "swift-case-paths",
      "kind" : "remoteSourceControl",
      "location" : "https://github.com/pointfreeco/swift-case-paths",
      "state" : {
        "revision" : "9810c8d6c2914de251e072312f01d3bf80071852",
        "version" : "1.7.1"
      }
    },
    {
      "identity" : "swift-parsing",
      "kind" : "remoteSourceControl",
      "location" : "https://github.com/pointfreeco/swift-parsing.git",
      "state" : {
        "revision" : "3432cb81164dd3d69a75d0d63205be5fbae2c34b",
        "version" : "0.14.1"
      }
    },
    {
      "identity" : "swift-rfc-1035",
      "kind" : "remoteSourceControl",
      "location" : "https://github.com/swift-web-standards/swift-rfc-1035.git",
      "state" : {
        "revision" : "95e9ca2e3f3ec303978e8cd18013e02b7d0f8a62",
        "version" : "0.0.1"
      }
    },
    {
      "identity" : "swift-rfc-1123",
      "kind" : "remoteSourceControl",
      "location" : "https://github.com/swift-web-standards/swift-rfc-1123.git",
      "state" : {
        "revision" : "97b8decb5fdfc02177faa5965a95606e36373388",
        "version" : "0.0.1"
      }
    },
    {
      "identity" : "swift-rfc-2822",
      "kind" : "remoteSourceControl",
      "location" : "https://github.com/swift-web-standards/swift-rfc-2822.git",
      "state" : {
        "revision" : "36aeec2d3a42cb2fab5aa94df905bcb280bef45b",
        "version" : "0.0.1"
      }
    },
    {
      "identity" : "swift-rfc-5321",
      "kind" : "remoteSourceControl",
      "location" : "https://github.com/swift-web-standards/swift-rfc-5321.git",
      "state" : {
        "revision" : "449d9291d1d2f6dcd6793c7d4ea855db1e7b062d",
        "version" : "0.0.1"
      }
    },
    {
      "identity" : "swift-rfc-5322",
      "kind" : "remoteSourceControl",
      "location" : "https://github.com/swift-web-standards/swift-rfc-5322.git",
      "state" : {
        "revision" : "0d648876050103ce8e005f545f02c1f29724e9e5",
        "version" : "0.0.1"
      }
    },
    {
      "identity" : "swift-syntax",
      "kind" : "remoteSourceControl",
      "location" : "https://github.com/swiftlang/swift-syntax",
      "state" : {
        "revision" : "f99ae8aa18f0cf0d53481901f88a0991dc3bd4a2",
        "version" : "601.0.1"
      }
    },
    {
      "identity" : "xctest-dynamic-overlay",
      "kind" : "remoteSourceControl",
      "location" : "https://github.com/pointfreeco/xctest-dynamic-overlay",
      "state" : {
        "revision" : "23e3442166b5122f73f9e3e622cd1e4bafeab3b7",
        "version" : "1.6.0"
      }
    }
  ],
  "version" : 3
}
